
Microsoft Visual Studio Solution File, Format Version 12.00
# Visual Studio 15
VisualStudioVersion = 15.0.27428.2015
MinimumVisualStudioVersion = 10.0.40219.1
Project("{2150E333-8FDC-42A3-9474-1A3956D46DE8}") = "sql", "sql", "{830609C6-B162-4296-AAD9-7081E9B4EE47}"
	ProjectSection(SolutionItems) = preProject
		..\DBGeCo.sql = ..\DBGeCo.sql
		..\Procedure.sql = ..\Procedure.sql
	EndProjectSection
EndProject
Project("{FAE04EC0-301F-11D3-BF4B-00C04F79EFBC}") = "GeCo", "GeCo\GeCo.csproj", "{2829AB66-031B-4B8B-8176-0C293F08C073}"
EndProject
Project("{FAE04EC0-301F-11D3-BF4B-00C04F79EFBC}") = "TestGeCo", "TestGeCo\TestGeCo.csproj", "{CD28D9F0-0292-4F14-AE96-194F54756328}"
EndProject
Project("{2150E333-8FDC-42A3-9474-1A3956D46DE8}") = "Garbage", "Garbage", "{2CDEC755-5F6D-4FA4-A39B-4A00212231CF}"
	ProjectSection(SolutionItems) = preProject
		Garbage.txt = Garbage.txt
	EndProjectSection
EndProject
Global
	GlobalSection(SolutionConfigurationPlatforms) = preSolution
		Debug|Any CPU = Debug|Any CPU
		Release|Any CPU = Release|Any CPU
	EndGlobalSection
	GlobalSection(ProjectConfigurationPlatforms) = postSolution
		{2829AB66-031B-4B8B-8176-0C293F08C073}.Debug|Any CPU.ActiveCfg = Debug|Any CPU
		{2829AB66-031B-4B8B-8176-0C293F08C073}.Debug|Any CPU.Build.0 = Debug|Any CPU
		{2829AB66-031B-4B8B-8176-0C293F08C073}.Release|Any CPU.ActiveCfg = Release|Any CPU
		{2829AB66-031B-4B8B-8176-0C293F08C073}.Release|Any CPU.Build.0 = Release|Any CPU
		{CD28D9F0-0292-4F14-AE96-194F54756328}.Debug|Any CPU.ActiveCfg = Debug|Any CPU
		{CD28D9F0-0292-4F14-AE96-194F54756328}.Debug|Any CPU.Build.0 = Debug|Any CPU
		{CD28D9F0-0292-4F14-AE96-194F54756328}.Release|Any CPU.ActiveCfg = Release|Any CPU
		{CD28D9F0-0292-4F14-AE96-194F54756328}.Release|Any CPU.Build.0 = Release|Any CPU
	EndGlobalSection
	GlobalSection(SolutionProperties) = preSolution
		HideSolutionNode = FALSE
	EndGlobalSection
	GlobalSection(ExtensibilityGlobals) = postSolution
		SolutionGuid = {CAE69F6F-EAC2-4182-AE24-7FAA47355042}
	EndGlobalSection
EndGlobal
